
Microsoft Visual Studio Solution File, Format Version 12.00
# Visual Studio Version 16
VisualStudioVersion = 16.0.31515.178
MinimumVisualStudioVersion = 10.0.40219.1
Project("{FAE04EC0-301F-11D3-BF4B-00C04F79EFBC}") = "BikeShop.Domain", "BikeShop.Domain\BikeShop.Domain.csproj", "{372CF71B-106A-48F7-9841-324F732BC051}"
EndProject
Project("{FAE04EC0-301F-11D3-BF4B-00C04F79EFBC}") = "BikeShop.WebUI", "BikeShop.WebUI\BikeShop.WebUI.csproj", "{CF2D1B78-400A-4EA8-BC5B-B0EF098A6642}"
EndProject
Global
	GlobalSection(SolutionConfigurationPlatforms) = preSolution
		Debug|Any CPU = Debug|Any CPU
		Release|Any CPU = Release|Any CPU
	EndGlobalSection
	GlobalSection(ProjectConfigurationPlatforms) = postSolution
		{372CF71B-106A-48F7-9841-324F732BC051}.Debug|Any CPU.ActiveCfg = Debug|Any CPU
		{372CF71B-106A-48F7-9841-324F732BC051}.Debug|Any CPU.Build.0 = Debug|Any CPU
		{372CF71B-106A-48F7-9841-324F732BC051}.Release|Any CPU.ActiveCfg = Release|Any CPU
		{372CF71B-106A-48F7-9841-324F732BC051}.Release|Any CPU.Build.0 = Release|Any CPU
		{CF2D1B78-400A-4EA8-BC5B-B0EF098A6642}.Debug|Any CPU.ActiveCfg = Debug|Any CPU
		{CF2D1B78-400A-4EA8-BC5B-B0EF098A6642}.Debug|Any CPU.Build.0 = Debug|Any CPU
		{CF2D1B78-400A-4EA8-BC5B-B0EF098A6642}.Release|Any CPU.ActiveCfg = Release|Any CPU
		{CF2D1B78-400A-4EA8-BC5B-B0EF098A6642}.Release|Any CPU.Build.0 = Release|Any CPU
	EndGlobalSection
	GlobalSection(SolutionProperties) = preSolution
		HideSolutionNode = FALSE
	EndGlobalSection
	GlobalSection(ExtensibilityGlobals) = postSolution
		SolutionGuid = {D0A43E84-FE3A-40DE-8E0E-D411550B2CD4}
	EndGlobalSection
EndGlobal
